
Microsoft Visual Studio Solution File, Format Version 12.00
# Visual Studio Version 17
VisualStudioVersion = 17.13.35919.96
MinimumVisualStudioVersion = 10.0.40219.1
Project("{FAE04EC0-301F-11D3-BF4B-00C04F79EFBC}") = "CapstoneProjectRandomForest", "CapstoneProjectRandomForest\CapstoneProjectRandomForest.csproj", "{C8DF8ECE-1305-4FA6-AF50-06C3B96DD2F8}"
	ProjectSection(ProjectDependencies) = postProject
		{6F694516-4747-4ACE-A397-A6798CCC735F} = {6F694516-4747-4ACE-A397-A6798CCC735F}
	EndProjectSection
EndProject
Project("{FAE04EC0-301F-11D3-BF4B-00C04F79EFBC}") = "ScamModelTrainer", "ScamModelTrainer\ScamModelTrainer.csproj", "{6F694516-4747-4ACE-A397-A6798CCC735F}"
EndProject
Global
	GlobalSection(SolutionConfigurationPlatforms) = preSolution
		Debug|Any CPU = Debug|Any CPU
		Debug|x64 = Debug|x64
		Release|Any CPU = Release|Any CPU
		Release|x64 = Release|x64
	EndGlobalSection
	GlobalSection(ProjectConfigurationPlatforms) = postSolution
		{C8DF8ECE-1305-4FA6-AF50-06C3B96DD2F8}.Debug|Any CPU.ActiveCfg = Debug|x64
		{C8DF8ECE-1305-4FA6-AF50-06C3B96DD2F8}.Debug|Any CPU.Build.0 = Debug|x64
		{C8DF8ECE-1305-4FA6-AF50-06C3B96DD2F8}.Debug|x64.ActiveCfg = Debug|x64
		{C8DF8ECE-1305-4FA6-AF50-06C3B96DD2F8}.Debug|x64.Build.0 = Debug|x64
		{C8DF8ECE-1305-4FA6-AF50-06C3B96DD2F8}.Release|Any CPU.ActiveCfg = Release|Any CPU
		{C8DF8ECE-1305-4FA6-AF50-06C3B96DD2F8}.Release|Any CPU.Build.0 = Release|Any CPU
		{C8DF8ECE-1305-4FA6-AF50-06C3B96DD2F8}.Release|x64.ActiveCfg = Release|x64
		{C8DF8ECE-1305-4FA6-AF50-06C3B96DD2F8}.Release|x64.Build.0 = Release|x64
		{6F694516-4747-4ACE-A397-A6798CCC735F}.Debug|Any CPU.ActiveCfg = Debug|x64
		{6F694516-4747-4ACE-A397-A6798CCC735F}.Debug|Any CPU.Build.0 = Debug|x64
		{6F694516-4747-4ACE-A397-A6798CCC735F}.Debug|x64.ActiveCfg = Debug|x64
		{6F694516-4747-4ACE-A397-A6798CCC735F}.Debug|x64.Build.0 = Debug|x64
		{6F694516-4747-4ACE-A397-A6798CCC735F}.Release|Any CPU.ActiveCfg = Release|Any CPU
		{6F694516-4747-4ACE-A397-A6798CCC735F}.Release|Any CPU.Build.0 = Release|Any CPU
		{6F694516-4747-4ACE-A397-A6798CCC735F}.Release|x64.ActiveCfg = Release|x64
		{6F694516-4747-4ACE-A397-A6798CCC735F}.Release|x64.Build.0 = Release|x64
	EndGlobalSection
	GlobalSection(SolutionProperties) = preSolution
		HideSolutionNode = FALSE
	EndGlobalSection
	GlobalSection(ExtensibilityGlobals) = postSolution
		SolutionGuid = {F5A4F2F3-E5FD-475C-A772-EAC82B0E486A}
	EndGlobalSection
EndGlobal
