
Microsoft Visual Studio Solution File, Format Version 12.00
# Visual Studio Version 17
VisualStudioVersion = 17.13.35919.96 d17.13
MinimumVisualStudioVersion = 10.0.40219.1
Project("{FAE04EC0-301F-11D3-BF4B-00C04F79EFBC}") = "ScamModelTrainer", "ScamModelTrainer\ScamModelTrainer.csproj", "{6F694516-4747-4ACE-A397-A6798CCC735F}"
EndProject
Global
	GlobalSection(SolutionConfigurationPlatforms) = preSolution
		Debug|Any CPU = Debug|Any CPU
		Debug|x64 = Debug|x64
		Release|Any CPU = Release|Any CPU
		Release|x64 = Release|x64
	EndGlobalSection
	GlobalSection(ProjectConfigurationPlatforms) = postSolution
		{6F694516-4747-4ACE-A397-A6798CCC735F}.Debug|Any CPU.ActiveCfg = Debug|Any CPU
		{6F694516-4747-4ACE-A397-A6798CCC735F}.Debug|Any CPU.Build.0 = Debug|Any CPU
		{6F694516-4747-4ACE-A397-A6798CCC735F}.Debug|x64.ActiveCfg = Debug|x64
		{6F694516-4747-4ACE-A397-A6798CCC735F}.Debug|x64.Build.0 = Debug|x64
		{6F694516-4747-4ACE-A397-A6798CCC735F}.Release|Any CPU.ActiveCfg = Release|Any CPU
		{6F694516-4747-4ACE-A397-A6798CCC735F}.Release|Any CPU.Build.0 = Release|Any CPU
		{6F694516-4747-4ACE-A397-A6798CCC735F}.Release|x64.ActiveCfg = Release|x64
		{6F694516-4747-4ACE-A397-A6798CCC735F}.Release|x64.Build.0 = Release|x64
	EndGlobalSection
	GlobalSection(SolutionProperties) = preSolution
		HideSolutionNode = FALSE
	EndGlobalSection
	GlobalSection(ExtensibilityGlobals) = postSolution
		SolutionGuid = {6F739954-3335-4466-A431-9C7B361FA639}
	EndGlobalSection
EndGlobal
